// !$*UTF8*$!
{
	archiveVersion = 1;
	classes = {
	};
	objectVersion = 46;
	objects = {

/* Begin PBXBuildFile section */
		3D56105C18AD6B9300864C79 /* Foundation.framework in Frameworks */ = {isa = PBXBuildFile; fileRef = 3D56105B18AD6B9300864C79 /* Foundation.framework */; };
		3D56105E18AD6B9300864C79 /* CoreGraphics.framework in Frameworks */ = {isa = PBXBuildFile; fileRef = 3D56105D18AD6B9300864C79 /* CoreGraphics.framework */; };
		3D56106018AD6B9300864C79 /* UIKit.framework in Frameworks */ = {isa = PBXBuildFile; fileRef = 3D56105F18AD6B9300864C79 /* UIKit.framework */; };
		3D56106618AD6B9300864C79 /* InfoPlist.strings in Resources */ = {isa = PBXBuildFile; fileRef = 3D56106418AD6B9300864C79 /* InfoPlist.strings */; };
		3D56106818AD6B9300864C79 /* main.m in Sources */ = {isa = PBXBuildFile; fileRef = 3D56106718AD6B9300864C79 /* main.m */; };
		3D56106C18AD6B9300864C79 /* BNCAppDelegate.m in Sources */ = {isa = PBXBuildFile; fileRef = 3D56106B18AD6B9300864C79 /* BNCAppDelegate.m */; };
		3D56106F18AD6B9300864C79 /* Main_iPhone.storyboard in Resources */ = {isa = PBXBuildFile; fileRef = 3D56106D18AD6B9300864C79 /* Main_iPhone.storyboard */; };
		3D56107218AD6B9300864C79 /* Main_iPad.storyboard in Resources */ = {isa = PBXBuildFile; fileRef = 3D56107018AD6B9300864C79 /* Main_iPad.storyboard */; };
		3D56107718AD6B9300864C79 /* Images.xcassets in Resources */ = {isa = PBXBuildFile; fileRef = 3D56107618AD6B9300864C79 /* Images.xcassets */; };
		3D56107E18AD6B9300864C79 /* XCTest.framework in Frameworks */ = {isa = PBXBuildFile; fileRef = 3D56107D18AD6B9300864C79 /* XCTest.framework */; };
		3D56107F18AD6B9300864C79 /* Foundation.framework in Frameworks */ = {isa = PBXBuildFile; fileRef = 3D56105B18AD6B9300864C79 /* Foundation.framework */; };
		3D56108018AD6B9300864C79 /* UIKit.framework in Frameworks */ = {isa = PBXBuildFile; fileRef = 3D56105F18AD6B9300864C79 /* UIKit.framework */; };
		3D56108818AD6B9300864C79 /* InfoPlist.strings in Resources */ = {isa = PBXBuildFile; fileRef = 3D56108618AD6B9300864C79 /* InfoPlist.strings */; };
		3D56108A18AD6B9300864C79 /* Nerd_CatalogTests.m in Sources */ = {isa = PBXBuildFile; fileRef = 3D56108918AD6B9300864C79 /* Nerd_CatalogTests.m */; };
		3D56115B18AD98DD00864C79 /* AFHTTPRequestOperation.m in Sources */ = {isa = PBXBuildFile; fileRef = 3D56114918AD98DD00864C79 /* AFHTTPRequestOperation.m */; };
		3D56115C18AD98DD00864C79 /* AFHTTPRequestOperationManager.m in Sources */ = {isa = PBXBuildFile; fileRef = 3D56114B18AD98DD00864C79 /* AFHTTPRequestOperationManager.m */; };
		3D56115D18AD98DD00864C79 /* AFHTTPSessionManager.m in Sources */ = {isa = PBXBuildFile; fileRef = 3D56114D18AD98DD00864C79 /* AFHTTPSessionManager.m */; };
		3D56115E18AD98DD00864C79 /* AFNetworkReachabilityManager.m in Sources */ = {isa = PBXBuildFile; fileRef = 3D56115018AD98DD00864C79 /* AFNetworkReachabilityManager.m */; };
		3D56115F18AD98DD00864C79 /* AFSecurityPolicy.m in Sources */ = {isa = PBXBuildFile; fileRef = 3D56115218AD98DD00864C79 /* AFSecurityPolicy.m */; };
		3D56116018AD98DD00864C79 /* AFURLConnectionOperation.m in Sources */ = {isa = PBXBuildFile; fileRef = 3D56115418AD98DD00864C79 /* AFURLConnectionOperation.m */; };
		3D56116118AD98DD00864C79 /* AFURLRequestSerialization.m in Sources */ = {isa = PBXBuildFile; fileRef = 3D56115618AD98DD00864C79 /* AFURLRequestSerialization.m */; };
		3D56116218AD98DD00864C79 /* AFURLResponseSerialization.m in Sources */ = {isa = PBXBuildFile; fileRef = 3D56115818AD98DD00864C79 /* AFURLResponseSerialization.m */; };
		3D56116318AD98DD00864C79 /* AFURLSessionManager.m in Sources */ = {isa = PBXBuildFile; fileRef = 3D56115A18AD98DD00864C79 /* AFURLSessionManager.m */; };
		3D56117618AD98E400864C79 /* AFNetworkActivityIndicatorManager.m in Sources */ = {isa = PBXBuildFile; fileRef = 3D56116618AD98E300864C79 /* AFNetworkActivityIndicatorManager.m */; };
		3D56117718AD98E400864C79 /* UIActivityIndicatorView+AFNetworking.m in Sources */ = {isa = PBXBuildFile; fileRef = 3D56116818AD98E300864C79 /* UIActivityIndicatorView+AFNetworking.m */; };
		3D56117818AD98E400864C79 /* UIAlertView+AFNetworking.m in Sources */ = {isa = PBXBuildFile; fileRef = 3D56116A18AD98E300864C79 /* UIAlertView+AFNetworking.m */; };
		3D56117918AD98E400864C79 /* UIButton+AFNetworking.m in Sources */ = {isa = PBXBuildFile; fileRef = 3D56116C18AD98E400864C79 /* UIButton+AFNetworking.m */; };
		3D56117A18AD98E400864C79 /* UIImageView+AFNetworking.m in Sources */ = {isa = PBXBuildFile; fileRef = 3D56116E18AD98E400864C79 /* UIImageView+AFNetworking.m */; };
		3D56117B18AD98E400864C79 /* UIProgressView+AFNetworking.m in Sources */ = {isa = PBXBuildFile; fileRef = 3D56117118AD98E400864C79 /* UIProgressView+AFNetworking.m */; };
		3D56117C18AD98E400864C79 /* UIRefreshControl+AFNetworking.m in Sources */ = {isa = PBXBuildFile; fileRef = 3D56117318AD98E400864C79 /* UIRefreshControl+AFNetworking.m */; };
		3D56117D18AD98E400864C79 /* UIWebView+AFNetworking.m in Sources */ = {isa = PBXBuildFile; fileRef = 3D56117518AD98E400864C79 /* UIWebView+AFNetworking.m */; };
		3D56118018AD98F800864C79 /* BNCCatalogStore.m in Sources */ = {isa = PBXBuildFile; fileRef = 3D56117F18AD98F800864C79 /* BNCCatalogStore.m */; };
		3D56118518ADA11000864C79 /* BNCCatalogItem.m in Sources */ = {isa = PBXBuildFile; fileRef = 3D56118218ADA11000864C79 /* BNCCatalogItem.m */; };
		3D56118618ADA11000864C79 /* BNCOrderedItem.m in Sources */ = {isa = PBXBuildFile; fileRef = 3D56118418ADA11000864C79 /* BNCOrderedItem.m */; };
		4243CD8118AD6C6B00E30E4A /* BNCCatalogCVC.m in Sources */ = {isa = PBXBuildFile; fileRef = 4243CD8018AD6C6B00E30E4A /* BNCCatalogCVC.m */; };
/* End PBXBuildFile section */

/* Begin PBXContainerItemProxy section */
		3D56108118AD6B9300864C79 /* PBXContainerItemProxy */ = {
			isa = PBXContainerItemProxy;
			containerPortal = 3D56105018AD6B9300864C79 /* Project object */;
			proxyType = 1;
			remoteGlobalIDString = 3D56105718AD6B9300864C79;
			remoteInfo = "Nerd Catalog";
		};
/* End PBXContainerItemProxy section */

/* Begin PBXFileReference section */
		3D56105818AD6B9300864C79 /* Nerd Catalog.app */ = {isa = PBXFileReference; explicitFileType = wrapper.application; includeInIndex = 0; path = "Nerd Catalog.app"; sourceTree = BUILT_PRODUCTS_DIR; };
		3D56105B18AD6B9300864C79 /* Foundation.framework */ = {isa = PBXFileReference; lastKnownFileType = wrapper.framework; name = Foundation.framework; path = System/Library/Frameworks/Foundation.framework; sourceTree = SDKROOT; };
		3D56105D18AD6B9300864C79 /* CoreGraphics.framework */ = {isa = PBXFileReference; lastKnownFileType = wrapper.framework; name = CoreGraphics.framework; path = System/Library/Frameworks/CoreGraphics.framework; sourceTree = SDKROOT; };
		3D56105F18AD6B9300864C79 /* UIKit.framework */ = {isa = PBXFileReference; lastKnownFileType = wrapper.framework; name = UIKit.framework; path = System/Library/Frameworks/UIKit.framework; sourceTree = SDKROOT; };
		3D56106318AD6B9300864C79 /* Nerd Catalog-Info.plist */ = {isa = PBXFileReference; lastKnownFileType = text.plist.xml; path = "Nerd Catalog-Info.plist"; sourceTree = "<group>"; };
		3D56106518AD6B9300864C79 /* en */ = {isa = PBXFileReference; lastKnownFileType = text.plist.strings; name = en; path = en.lproj/InfoPlist.strings; sourceTree = "<group>"; };
		3D56106718AD6B9300864C79 /* main.m */ = {isa = PBXFileReference; lastKnownFileType = sourcecode.c.objc; path = main.m; sourceTree = "<group>"; };
		3D56106918AD6B9300864C79 /* Nerd Catalog-Prefix.pch */ = {isa = PBXFileReference; lastKnownFileType = sourcecode.c.h; path = "Nerd Catalog-Prefix.pch"; sourceTree = "<group>"; };
		3D56106A18AD6B9300864C79 /* BNCAppDelegate.h */ = {isa = PBXFileReference; lastKnownFileType = sourcecode.c.h; path = BNCAppDelegate.h; sourceTree = "<group>"; };
		3D56106B18AD6B9300864C79 /* BNCAppDelegate.m */ = {isa = PBXFileReference; lastKnownFileType = sourcecode.c.objc; path = BNCAppDelegate.m; sourceTree = "<group>"; };
		3D56106E18AD6B9300864C79 /* Base */ = {isa = PBXFileReference; lastKnownFileType = file.storyboard; name = Base; path = Base.lproj/Main_iPhone.storyboard; sourceTree = "<group>"; };
		3D56107118AD6B9300864C79 /* Base */ = {isa = PBXFileReference; lastKnownFileType = file.storyboard; name = Base; path = Base.lproj/Main_iPad.storyboard; sourceTree = "<group>"; };
		3D56107618AD6B9300864C79 /* Images.xcassets */ = {isa = PBXFileReference; lastKnownFileType = folder.assetcatalog; path = Images.xcassets; sourceTree = "<group>"; };
		3D56107C18AD6B9300864C79 /* Nerd CatalogTests.xctest */ = {isa = PBXFileReference; explicitFileType = wrapper.cfbundle; includeInIndex = 0; path = "Nerd CatalogTests.xctest"; sourceTree = BUILT_PRODUCTS_DIR; };
		3D56107D18AD6B9300864C79 /* XCTest.framework */ = {isa = PBXFileReference; lastKnownFileType = wrapper.framework; name = XCTest.framework; path = Library/Frameworks/XCTest.framework; sourceTree = DEVELOPER_DIR; };
		3D56108518AD6B9300864C79 /* Nerd CatalogTests-Info.plist */ = {isa = PBXFileReference; lastKnownFileType = text.plist.xml; path = "Nerd CatalogTests-Info.plist"; sourceTree = "<group>"; };
		3D56108718AD6B9300864C79 /* en */ = {isa = PBXFileReference; lastKnownFileType = text.plist.strings; name = en; path = en.lproj/InfoPlist.strings; sourceTree = "<group>"; };
		3D56108918AD6B9300864C79 /* Nerd_CatalogTests.m */ = {isa = PBXFileReference; lastKnownFileType = sourcecode.c.objc; path = Nerd_CatalogTests.m; sourceTree = "<group>"; };
		3D56114818AD98DD00864C79 /* AFHTTPRequestOperation.h */ = {isa = PBXFileReference; fileEncoding = 4; lastKnownFileType = sourcecode.c.h; path = AFHTTPRequestOperation.h; sourceTree = "<group>"; };
		3D56114918AD98DD00864C79 /* AFHTTPRequestOperation.m */ = {isa = PBXFileReference; fileEncoding = 4; lastKnownFileType = sourcecode.c.objc; path = AFHTTPRequestOperation.m; sourceTree = "<group>"; };
		3D56114A18AD98DD00864C79 /* AFHTTPRequestOperationManager.h */ = {isa = PBXFileReference; fileEncoding = 4; lastKnownFileType = sourcecode.c.h; path = AFHTTPRequestOperationManager.h; sourceTree = "<group>"; };
		3D56114B18AD98DD00864C79 /* AFHTTPRequestOperationManager.m */ = {isa = PBXFileReference; fileEncoding = 4; lastKnownFileType = sourcecode.c.objc; path = AFHTTPRequestOperationManager.m; sourceTree = "<group>"; };
		3D56114C18AD98DD00864C79 /* AFHTTPSessionManager.h */ = {isa = PBXFileReference; fileEncoding = 4; lastKnownFileType = sourcecode.c.h; path = AFHTTPSessionManager.h; sourceTree = "<group>"; };
		3D56114D18AD98DD00864C79 /* AFHTTPSessionManager.m */ = {isa = PBXFileReference; fileEncoding = 4; lastKnownFileType = sourcecode.c.objc; path = AFHTTPSessionManager.m; sourceTree = "<group>"; };
		3D56114E18AD98DD00864C79 /* AFNetworking.h */ = {isa = PBXFileReference; fileEncoding = 4; lastKnownFileType = sourcecode.c.h; path = AFNetworking.h; sourceTree = "<group>"; };
		3D56114F18AD98DD00864C79 /* AFNetworkReachabilityManager.h */ = {isa = PBXFileReference; fileEncoding = 4; lastKnownFileType = sourcecode.c.h; path = AFNetworkReachabilityManager.h; sourceTree = "<group>"; };
		3D56115018AD98DD00864C79 /* AFNetworkReachabilityManager.m */ = {isa = PBXFileReference; fileEncoding = 4; lastKnownFileType = sourcecode.c.objc; path = AFNetworkReachabilityManager.m; sourceTree = "<group>"; };
		3D56115118AD98DD00864C79 /* AFSecurityPolicy.h */ = {isa = PBXFileReference; fileEncoding = 4; lastKnownFileType = sourcecode.c.h; path = AFSecurityPolicy.h; sourceTree = "<group>"; };
		3D56115218AD98DD00864C79 /* AFSecurityPolicy.m */ = {isa = PBXFileReference; fileEncoding = 4; lastKnownFileType = sourcecode.c.objc; path = AFSecurityPolicy.m; sourceTree = "<group>"; };
		3D56115318AD98DD00864C79 /* AFURLConnectionOperation.h */ = {isa = PBXFileReference; fileEncoding = 4; lastKnownFileType = sourcecode.c.h; path = AFURLConnectionOperation.h; sourceTree = "<group>"; };
		3D56115418AD98DD00864C79 /* AFURLConnectionOperation.m */ = {isa = PBXFileReference; fileEncoding = 4; lastKnownFileType = sourcecode.c.objc; path = AFURLConnectionOperation.m; sourceTree = "<group>"; };
		3D56115518AD98DD00864C79 /* AFURLRequestSerialization.h */ = {isa = PBXFileReference; fileEncoding = 4; lastKnownFileType = sourcecode.c.h; path = AFURLRequestSerialization.h; sourceTree = "<group>"; };
		3D56115618AD98DD00864C79 /* AFURLRequestSerialization.m */ = {isa = PBXFileReference; fileEncoding = 4; lastKnownFileType = sourcecode.c.objc; path = AFURLRequestSerialization.m; sourceTree = "<group>"; };
		3D56115718AD98DD00864C79 /* AFURLResponseSerialization.h */ = {isa = PBXFileReference; fileEncoding = 4; lastKnownFileType = sourcecode.c.h; path = AFURLResponseSerialization.h; sourceTree = "<group>"; };
		3D56115818AD98DD00864C79 /* AFURLResponseSerialization.m */ = {isa = PBXFileReference; fileEncoding = 4; lastKnownFileType = sourcecode.c.objc; path = AFURLResponseSerialization.m; sourceTree = "<group>"; };
		3D56115918AD98DD00864C79 /* AFURLSessionManager.h */ = {isa = PBXFileReference; fileEncoding = 4; lastKnownFileType = sourcecode.c.h; path = AFURLSessionManager.h; sourceTree = "<group>"; };
		3D56115A18AD98DD00864C79 /* AFURLSessionManager.m */ = {isa = PBXFileReference; fileEncoding = 4; lastKnownFileType = sourcecode.c.objc; path = AFURLSessionManager.m; sourceTree = "<group>"; };
		3D56116518AD98E300864C79 /* AFNetworkActivityIndicatorManager.h */ = {isa = PBXFileReference; fileEncoding = 4; lastKnownFileType = sourcecode.c.h; path = AFNetworkActivityIndicatorManager.h; sourceTree = "<group>"; };
		3D56116618AD98E300864C79 /* AFNetworkActivityIndicatorManager.m */ = {isa = PBXFileReference; fileEncoding = 4; lastKnownFileType = sourcecode.c.objc; path = AFNetworkActivityIndicatorManager.m; sourceTree = "<group>"; };
		3D56116718AD98E300864C79 /* UIActivityIndicatorView+AFNetworking.h */ = {isa = PBXFileReference; fileEncoding = 4; lastKnownFileType = sourcecode.c.h; path = "UIActivityIndicatorView+AFNetworking.h"; sourceTree = "<group>"; };
		3D56116818AD98E300864C79 /* UIActivityIndicatorView+AFNetworking.m */ = {isa = PBXFileReference; fileEncoding = 4; lastKnownFileType = sourcecode.c.objc; path = "UIActivityIndicatorView+AFNetworking.m"; sourceTree = "<group>"; };
		3D56116918AD98E300864C79 /* UIAlertView+AFNetworking.h */ = {isa = PBXFileReference; fileEncoding = 4; lastKnownFileType = sourcecode.c.h; path = "UIAlertView+AFNetworking.h"; sourceTree = "<group>"; };
		3D56116A18AD98E300864C79 /* UIAlertView+AFNetworking.m */ = {isa = PBXFileReference; fileEncoding = 4; lastKnownFileType = sourcecode.c.objc; path = "UIAlertView+AFNetworking.m"; sourceTree = "<group>"; };
		3D56116B18AD98E400864C79 /* UIButton+AFNetworking.h */ = {isa = PBXFileReference; fileEncoding = 4; lastKnownFileType = sourcecode.c.h; path = "UIButton+AFNetworking.h"; sourceTree = "<group>"; };
		3D56116C18AD98E400864C79 /* UIButton+AFNetworking.m */ = {isa = PBXFileReference; fileEncoding = 4; lastKnownFileType = sourcecode.c.objc; path = "UIButton+AFNetworking.m"; sourceTree = "<group>"; };
		3D56116D18AD98E400864C79 /* UIImageView+AFNetworking.h */ = {isa = PBXFileReference; fileEncoding = 4; lastKnownFileType = sourcecode.c.h; path = "UIImageView+AFNetworking.h"; sourceTree = "<group>"; };
		3D56116E18AD98E400864C79 /* UIImageView+AFNetworking.m */ = {isa = PBXFileReference; fileEncoding = 4; lastKnownFileType = sourcecode.c.objc; path = "UIImageView+AFNetworking.m"; sourceTree = "<group>"; };
		3D56116F18AD98E400864C79 /* UIKit+AFNetworking.h */ = {isa = PBXFileReference; fileEncoding = 4; lastKnownFileType = sourcecode.c.h; path = "UIKit+AFNetworking.h"; sourceTree = "<group>"; };
		3D56117018AD98E400864C79 /* UIProgressView+AFNetworking.h */ = {isa = PBXFileReference; fileEncoding = 4; lastKnownFileType = sourcecode.c.h; path = "UIProgressView+AFNetworking.h"; sourceTree = "<group>"; };
		3D56117118AD98E400864C79 /* UIProgressView+AFNetworking.m */ = {isa = PBXFileReference; fileEncoding = 4; lastKnownFileType = sourcecode.c.objc; path = "UIProgressView+AFNetworking.m"; sourceTree = "<group>"; };
		3D56117218AD98E400864C79 /* UIRefreshControl+AFNetworking.h */ = {isa = PBXFileReference; fileEncoding = 4; lastKnownFileType = sourcecode.c.h; path = "UIRefreshControl+AFNetworking.h"; sourceTree = "<group>"; };
		3D56117318AD98E400864C79 /* UIRefreshControl+AFNetworking.m */ = {isa = PBXFileReference; fileEncoding = 4; lastKnownFileType = sourcecode.c.objc; path = "UIRefreshControl+AFNetworking.m"; sourceTree = "<group>"; };
		3D56117418AD98E400864C79 /* UIWebView+AFNetworking.h */ = {isa = PBXFileReference; fileEncoding = 4; lastKnownFileType = sourcecode.c.h; path = "UIWebView+AFNetworking.h"; sourceTree = "<group>"; };
		3D56117518AD98E400864C79 /* UIWebView+AFNetworking.m */ = {isa = PBXFileReference; fileEncoding = 4; lastKnownFileType = sourcecode.c.objc; path = "UIWebView+AFNetworking.m"; sourceTree = "<group>"; };
		3D56117E18AD98F800864C79 /* BNCCatalogStore.h */ = {isa = PBXFileReference; fileEncoding = 4; lastKnownFileType = sourcecode.c.h; path = BNCCatalogStore.h; sourceTree = "<group>"; };
		3D56117F18AD98F800864C79 /* BNCCatalogStore.m */ = {isa = PBXFileReference; fileEncoding = 4; lastKnownFileType = sourcecode.c.objc; path = BNCCatalogStore.m; sourceTree = "<group>"; };
		3D56118118ADA11000864C79 /* BNCCatalogItem.h */ = {isa = PBXFileReference; fileEncoding = 4; lastKnownFileType = sourcecode.c.h; path = BNCCatalogItem.h; sourceTree = "<group>"; };
		3D56118218ADA11000864C79 /* BNCCatalogItem.m */ = {isa = PBXFileReference; fileEncoding = 4; lastKnownFileType = sourcecode.c.objc; path = BNCCatalogItem.m; sourceTree = "<group>"; };
		3D56118318ADA11000864C79 /* BNCOrderedItem.h */ = {isa = PBXFileReference; fileEncoding = 4; lastKnownFileType = sourcecode.c.h; path = BNCOrderedItem.h; sourceTree = "<group>"; };
		3D56118418ADA11000864C79 /* BNCOrderedItem.m */ = {isa = PBXFileReference; fileEncoding = 4; lastKnownFileType = sourcecode.c.objc; path = BNCOrderedItem.m; sourceTree = "<group>"; };
		4243CD7F18AD6C6B00E30E4A /* BNCCatalogCVC.h */ = {isa = PBXFileReference; fileEncoding = 4; lastKnownFileType = sourcecode.c.h; name = BNCCatalogCVC.h; path = ../BNCCatalogCVC.h; sourceTree = "<group>"; };
		4243CD8018AD6C6B00E30E4A /* BNCCatalogCVC.m */ = {isa = PBXFileReference; fileEncoding = 4; lastKnownFileType = sourcecode.c.objc; name = BNCCatalogCVC.m; path = ../BNCCatalogCVC.m; sourceTree = "<group>"; };
/* End PBXFileReference section */

/* Begin PBXFrameworksBuildPhase section */
		3D56105518AD6B9300864C79 /* Frameworks */ = {
			isa = PBXFrameworksBuildPhase;
			buildActionMask = 2147483647;
			files = (
				3D56105E18AD6B9300864C79 /* CoreGraphics.framework in Frameworks */,
				3D56106018AD6B9300864C79 /* UIKit.framework in Frameworks */,
				3D56105C18AD6B9300864C79 /* Foundation.framework in Frameworks */,
			);
			runOnlyForDeploymentPostprocessing = 0;
		};
		3D56107918AD6B9300864C79 /* Frameworks */ = {
			isa = PBXFrameworksBuildPhase;
			buildActionMask = 2147483647;
			files = (
				3D56107E18AD6B9300864C79 /* XCTest.framework in Frameworks */,
				3D56108018AD6B9300864C79 /* UIKit.framework in Frameworks */,
				3D56107F18AD6B9300864C79 /* Foundation.framework in Frameworks */,
			);
			runOnlyForDeploymentPostprocessing = 0;
		};
/* End PBXFrameworksBuildPhase section */

/* Begin PBXGroup section */
		3D56104F18AD6B9300864C79 = {
			isa = PBXGroup;
			children = (
				3D56116418AD98E300864C79 /* UIKit+AFNetworking */,
				3D56114718AD98DD00864C79 /* AFNetworking */,
				3D56106118AD6B9300864C79 /* Nerd Catalog */,
				3D56108318AD6B9300864C79 /* Nerd CatalogTests */,
				3D56105A18AD6B9300864C79 /* Frameworks */,
				3D56105918AD6B9300864C79 /* Products */,
			);
			sourceTree = "<group>";
		};
		3D56105918AD6B9300864C79 /* Products */ = {
			isa = PBXGroup;
			children = (
				3D56105818AD6B9300864C79 /* Nerd Catalog.app */,
				3D56107C18AD6B9300864C79 /* Nerd CatalogTests.xctest */,
			);
			name = Products;
			sourceTree = "<group>";
		};
		3D56105A18AD6B9300864C79 /* Frameworks */ = {
			isa = PBXGroup;
			children = (
				3D56105B18AD6B9300864C79 /* Foundation.framework */,
				3D56105D18AD6B9300864C79 /* CoreGraphics.framework */,
				3D56105F18AD6B9300864C79 /* UIKit.framework */,
				3D56107D18AD6B9300864C79 /* XCTest.framework */,
			);
			name = Frameworks;
			sourceTree = "<group>";
		};
		3D56106118AD6B9300864C79 /* Nerd Catalog */ = {
			isa = PBXGroup;
			children = (
				3D56117E18AD98F800864C79 /* BNCCatalogStore.h */,
				3D56118118ADA11000864C79 /* BNCCatalogItem.h */,
				3D56118218ADA11000864C79 /* BNCCatalogItem.m */,
				3D56118318ADA11000864C79 /* BNCOrderedItem.h */,
				3D56118418ADA11000864C79 /* BNCOrderedItem.m */,
				3D56117F18AD98F800864C79 /* BNCCatalogStore.m */,
				3D56106A18AD6B9300864C79 /* BNCAppDelegate.h */,
				3D56106B18AD6B9300864C79 /* BNCAppDelegate.m */,
				3D56106D18AD6B9300864C79 /* Main_iPhone.storyboard */,
				3D56107018AD6B9300864C79 /* Main_iPad.storyboard */,
				4243CD7F18AD6C6B00E30E4A /* BNCCatalogCVC.h */,
				4243CD8018AD6C6B00E30E4A /* BNCCatalogCVC.m */,
				3D56107618AD6B9300864C79 /* Images.xcassets */,
				3D56106218AD6B9300864C79 /* Supporting Files */,
			);
			path = "Nerd Catalog";
			sourceTree = "<group>";
		};
		3D56106218AD6B9300864C79 /* Supporting Files */ = {
			isa = PBXGroup;
			children = (
				3D56106318AD6B9300864C79 /* Nerd Catalog-Info.plist */,
				3D56106418AD6B9300864C79 /* InfoPlist.strings */,
				3D56106718AD6B9300864C79 /* main.m */,
				3D56106918AD6B9300864C79 /* Nerd Catalog-Prefix.pch */,
			);
			name = "Supporting Files";
			sourceTree = "<group>";
		};
		3D56108318AD6B9300864C79 /* Nerd CatalogTests */ = {
			isa = PBXGroup;
			children = (
				3D56108918AD6B9300864C79 /* Nerd_CatalogTests.m */,
				3D56108418AD6B9300864C79 /* Supporting Files */,
			);
			path = "Nerd CatalogTests";
			sourceTree = "<group>";
		};
		3D56108418AD6B9300864C79 /* Supporting Files */ = {
			isa = PBXGroup;
			children = (
				3D56108518AD6B9300864C79 /* Nerd CatalogTests-Info.plist */,
				3D56108618AD6B9300864C79 /* InfoPlist.strings */,
			);
			name = "Supporting Files";
			sourceTree = "<group>";
		};
		3D56114718AD98DD00864C79 /* AFNetworking */ = {
			isa = PBXGroup;
			children = (
				3D56114818AD98DD00864C79 /* AFHTTPRequestOperation.h */,
				3D56114918AD98DD00864C79 /* AFHTTPRequestOperation.m */,
				3D56114A18AD98DD00864C79 /* AFHTTPRequestOperationManager.h */,
				3D56114B18AD98DD00864C79 /* AFHTTPRequestOperationManager.m */,
				3D56114C18AD98DD00864C79 /* AFHTTPSessionManager.h */,
				3D56114D18AD98DD00864C79 /* AFHTTPSessionManager.m */,
				3D56114E18AD98DD00864C79 /* AFNetworking.h */,
				3D56114F18AD98DD00864C79 /* AFNetworkReachabilityManager.h */,
				3D56115018AD98DD00864C79 /* AFNetworkReachabilityManager.m */,
				3D56115118AD98DD00864C79 /* AFSecurityPolicy.h */,
				3D56115218AD98DD00864C79 /* AFSecurityPolicy.m */,
				3D56115318AD98DD00864C79 /* AFURLConnectionOperation.h */,
				3D56115418AD98DD00864C79 /* AFURLConnectionOperation.m */,
				3D56115518AD98DD00864C79 /* AFURLRequestSerialization.h */,
				3D56115618AD98DD00864C79 /* AFURLRequestSerialization.m */,
				3D56115718AD98DD00864C79 /* AFURLResponseSerialization.h */,
				3D56115818AD98DD00864C79 /* AFURLResponseSerialization.m */,
				3D56115918AD98DD00864C79 /* AFURLSessionManager.h */,
				3D56115A18AD98DD00864C79 /* AFURLSessionManager.m */,
			);
			path = AFNetworking;
			sourceTree = "<group>";
		};
		3D56116418AD98E300864C79 /* UIKit+AFNetworking */ = {
			isa = PBXGroup;
			children = (
				3D56116518AD98E300864C79 /* AFNetworkActivityIndicatorManager.h */,
				3D56116618AD98E300864C79 /* AFNetworkActivityIndicatorManager.m */,
				3D56116718AD98E300864C79 /* UIActivityIndicatorView+AFNetworking.h */,
				3D56116818AD98E300864C79 /* UIActivityIndicatorView+AFNetworking.m */,
				3D56116918AD98E300864C79 /* UIAlertView+AFNetworking.h */,
				3D56116A18AD98E300864C79 /* UIAlertView+AFNetworking.m */,
				3D56116B18AD98E400864C79 /* UIButton+AFNetworking.h */,
				3D56116C18AD98E400864C79 /* UIButton+AFNetworking.m */,
				3D56116D18AD98E400864C79 /* UIImageView+AFNetworking.h */,
				3D56116E18AD98E400864C79 /* UIImageView+AFNetworking.m */,
				3D56116F18AD98E400864C79 /* UIKit+AFNetworking.h */,
				3D56117018AD98E400864C79 /* UIProgressView+AFNetworking.h */,
				3D56117118AD98E400864C79 /* UIProgressView+AFNetworking.m */,
				3D56117218AD98E400864C79 /* UIRefreshControl+AFNetworking.h */,
				3D56117318AD98E400864C79 /* UIRefreshControl+AFNetworking.m */,
				3D56117418AD98E400864C79 /* UIWebView+AFNetworking.h */,
				3D56117518AD98E400864C79 /* UIWebView+AFNetworking.m */,
			);
			path = "UIKit+AFNetworking";
			sourceTree = "<group>";
		};
/* End PBXGroup section */

/* Begin PBXNativeTarget section */
		3D56105718AD6B9300864C79 /* Nerd Catalog */ = {
			isa = PBXNativeTarget;
			buildConfigurationList = 3D56108D18AD6B9300864C79 /* Build configuration list for PBXNativeTarget "Nerd Catalog" */;
			buildPhases = (
				3D56105418AD6B9300864C79 /* Sources */,
				3D56105518AD6B9300864C79 /* Frameworks */,
				3D56105618AD6B9300864C79 /* Resources */,
			);
			buildRules = (
			);
			dependencies = (
			);
			name = "Nerd Catalog";
			productName = "Nerd Catalog";
			productReference = 3D56105818AD6B9300864C79 /* Nerd Catalog.app */;
			productType = "com.apple.product-type.application";
		};
		3D56107B18AD6B9300864C79 /* Nerd CatalogTests */ = {
			isa = PBXNativeTarget;
			buildConfigurationList = 3D56109018AD6B9300864C79 /* Build configuration list for PBXNativeTarget "Nerd CatalogTests" */;
			buildPhases = (
				3D56107818AD6B9300864C79 /* Sources */,
				3D56107918AD6B9300864C79 /* Frameworks */,
				3D56107A18AD6B9300864C79 /* Resources */,
			);
			buildRules = (
			);
			dependencies = (
				3D56108218AD6B9300864C79 /* PBXTargetDependency */,
			);
			name = "Nerd CatalogTests";
			productName = "Nerd CatalogTests";
			productReference = 3D56107C18AD6B9300864C79 /* Nerd CatalogTests.xctest */;
			productType = "com.apple.product-type.bundle.unit-test";
		};
/* End PBXNativeTarget section */

/* Begin PBXProject section */
		3D56105018AD6B9300864C79 /* Project object */ = {
			isa = PBXProject;
			attributes = {
				CLASSPREFIX = BNC;
				LastUpgradeCheck = 0500;
				ORGANIZATIONNAME = "Jimmy Garg";
				TargetAttributes = {
					3D56107B18AD6B9300864C79 = {
						TestTargetID = 3D56105718AD6B9300864C79;
					};
				};
			};
			buildConfigurationList = 3D56105318AD6B9300864C79 /* Build configuration list for PBXProject "Nerd Catalog" */;
			compatibilityVersion = "Xcode 3.2";
			developmentRegion = English;
			hasScannedForEncodings = 0;
			knownRegions = (
				en,
				Base,
			);
			mainGroup = 3D56104F18AD6B9300864C79;
			productRefGroup = 3D56105918AD6B9300864C79 /* Products */;
			projectDirPath = "";
			projectRoot = "";
			targets = (
				3D56105718AD6B9300864C79 /* Nerd Catalog */,
				3D56107B18AD6B9300864C79 /* Nerd CatalogTests */,
			);
		};
/* End PBXProject section */

/* Begin PBXResourcesBuildPhase section */
		3D56105618AD6B9300864C79 /* Resources */ = {
			isa = PBXResourcesBuildPhase;
			buildActionMask = 2147483647;
			files = (
				3D56107218AD6B9300864C79 /* Main_iPad.storyboard in Resources */,
				3D56107718AD6B9300864C79 /* Images.xcassets in Resources */,
				3D56106F18AD6B9300864C79 /* Main_iPhone.storyboard in Resources */,
				3D56106618AD6B9300864C79 /* InfoPlist.strings in Resources */,
			);
			runOnlyForDeploymentPostprocessing = 0;
		};
		3D56107A18AD6B9300864C79 /* Resources */ = {
			isa = PBXResourcesBuildPhase;
			buildActionMask = 2147483647;
			files = (
				3D56108818AD6B9300864C79 /* InfoPlist.strings in Resources */,
			);
			runOnlyForDeploymentPostprocessing = 0;
		};
/* End PBXResourcesBuildPhase section */

/* Begin PBXSourcesBuildPhase section */
		3D56105418AD6B9300864C79 /* Sources */ = {
			isa = PBXSourcesBuildPhase;
			buildActionMask = 2147483647;
			files = (
				3D56118618ADA11000864C79 /* BNCOrderedItem.m in Sources */,
				3D56118518ADA11000864C79 /* BNCCatalogItem.m in Sources */,
				3D56115B18AD98DD00864C79 /* AFHTTPRequestOperation.m in Sources */,
				3D56117A18AD98E400864C79 /* UIImageView+AFNetworking.m in Sources */,
				4243CD8118AD6C6B00E30E4A /* BNCCatalogCVC.m in Sources */,
				3D56115C18AD98DD00864C79 /* AFHTTPRequestOperationManager.m in Sources */,
				3D56117B18AD98E400864C79 /* UIProgressView+AFNetworking.m in Sources */,
				3D56115E18AD98DD00864C79 /* AFNetworkReachabilityManager.m in Sources */,
				3D56116218AD98DD00864C79 /* AFURLResponseSerialization.m in Sources */,
				3D56116018AD98DD00864C79 /* AFURLConnectionOperation.m in Sources */,
				3D56117918AD98E400864C79 /* UIButton+AFNetworking.m in Sources */,
				3D56117718AD98E400864C79 /* UIActivityIndicatorView+AFNetworking.m in Sources */,
				3D56118018AD98F800864C79 /* BNCCatalogStore.m in Sources */,
				3D56115F18AD98DD00864C79 /* AFSecurityPolicy.m in Sources */,
				3D56117C18AD98E400864C79 /* UIRefreshControl+AFNetworking.m in Sources */,
				3D56117D18AD98E400864C79 /* UIWebView+AFNetworking.m in Sources */,
				3D56115D18AD98DD00864C79 /* AFHTTPSessionManager.m in Sources */,
				3D56117818AD98E400864C79 /* UIAlertView+AFNetworking.m in Sources */,
				3D56116118AD98DD00864C79 /* AFURLRequestSerialization.m in Sources */,
				3D56117618AD98E400864C79 /* AFNetworkActivityIndicatorManager.m in Sources */,
				3D56116318AD98DD00864C79 /* AFURLSessionManager.m in Sources */,
				3D56106C18AD6B9300864C79 /* BNCAppDelegate.m in Sources */,
				3D56106818AD6B9300864C79 /* main.m in Sources */,
			);
			runOnlyForDeploymentPostprocessing = 0;
		};
		3D56107818AD6B9300864C79 /* Sources */ = {
			isa = PBXSourcesBuildPhase;
			buildActionMask = 2147483647;
			files = (
				3D56108A18AD6B9300864C79 /* Nerd_CatalogTests.m in Sources */,
			);
			runOnlyForDeploymentPostprocessing = 0;
		};
/* End PBXSourcesBuildPhase section */

/* Begin PBXTargetDependency section */
		3D56108218AD6B9300864C79 /* PBXTargetDependency */ = {
			isa = PBXTargetDependency;
			target = 3D56105718AD6B9300864C79 /* Nerd Catalog */;
			targetProxy = 3D56108118AD6B9300864C79 /* PBXContainerItemProxy */;
		};
/* End PBXTargetDependency section */

/* Begin PBXVariantGroup section */
		3D56106418AD6B9300864C79 /* InfoPlist.strings */ = {
			isa = PBXVariantGroup;
			children = (
				3D56106518AD6B9300864C79 /* en */,
			);
			name = InfoPlist.strings;
			sourceTree = "<group>";
		};
		3D56106D18AD6B9300864C79 /* Main_iPhone.storyboard */ = {
			isa = PBXVariantGroup;
			children = (
				3D56106E18AD6B9300864C79 /* Base */,
			);
			name = Main_iPhone.storyboard;
			sourceTree = "<group>";
		};
		3D56107018AD6B9300864C79 /* Main_iPad.storyboard */ = {
			isa = PBXVariantGroup;
			children = (
				3D56107118AD6B9300864C79 /* Base */,
			);
			name = Main_iPad.storyboard;
			sourceTree = "<group>";
		};
		3D56108618AD6B9300864C79 /* InfoPlist.strings */ = {
			isa = PBXVariantGroup;
			children = (
				3D56108718AD6B9300864C79 /* en */,
			);
			name = InfoPlist.strings;
			sourceTree = "<group>";
		};
/* End PBXVariantGroup section */

/* Begin XCBuildConfiguration section */
		3D56108B18AD6B9300864C79 /* Debug */ = {
			isa = XCBuildConfiguration;
			buildSettings = {
				ALWAYS_SEARCH_USER_PATHS = NO;
				ARCHS = "$(ARCHS_STANDARD_INCLUDING_64_BIT)";
				CLANG_CXX_LANGUAGE_STANDARD = "gnu++0x";
				CLANG_CXX_LIBRARY = "libc++";
				CLANG_ENABLE_MODULES = YES;
				CLANG_ENABLE_OBJC_ARC = YES;
				CLANG_WARN_BOOL_CONVERSION = YES;
				CLANG_WARN_CONSTANT_CONVERSION = YES;
				CLANG_WARN_DIRECT_OBJC_ISA_USAGE = YES_ERROR;
				CLANG_WARN_EMPTY_BODY = YES;
				CLANG_WARN_ENUM_CONVERSION = YES;
				CLANG_WARN_INT_CONVERSION = YES;
				CLANG_WARN_OBJC_ROOT_CLASS = YES_ERROR;
				CLANG_WARN__DUPLICATE_METHOD_MATCH = YES;
				"CODE_SIGN_IDENTITY[sdk=iphoneos*]" = "iPhone Developer";
				COPY_PHASE_STRIP = NO;
				GCC_C_LANGUAGE_STANDARD = gnu99;
				GCC_DYNAMIC_NO_PIC = NO;
				GCC_OPTIMIZATION_LEVEL = 0;
				GCC_PREPROCESSOR_DEFINITIONS = (
					"DEBUG=1",
					"$(inherited)",
				);
				GCC_SYMBOLS_PRIVATE_EXTERN = NO;
				GCC_WARN_64_TO_32_BIT_CONVERSION = YES;
				GCC_WARN_ABOUT_RETURN_TYPE = YES_ERROR;
				GCC_WARN_UNDECLARED_SELECTOR = YES;
				GCC_WARN_UNINITIALIZED_AUTOS = YES;
				GCC_WARN_UNUSED_FUNCTION = YES;
				GCC_WARN_UNUSED_VARIABLE = YES;
				IPHONEOS_DEPLOYMENT_TARGET = 7.0;
				ONLY_ACTIVE_ARCH = YES;
				SDKROOT = iphoneos;
				TARGETED_DEVICE_FAMILY = "1,2";
			};
			name = Debug;
		};
		3D56108C18AD6B9300864C79 /* Release */ = {
			isa = XCBuildConfiguration;
			buildSettings = {
				ALWAYS_SEARCH_USER_PATHS = NO;
				ARCHS = "$(ARCHS_STANDARD_INCLUDING_64_BIT)";
				CLANG_CXX_LANGUAGE_STANDARD = "gnu++0x";
				CLANG_CXX_LIBRARY = "libc++";
				CLANG_ENABLE_MODULES = YES;
				CLANG_ENABLE_OBJC_ARC = YES;
				CLANG_WARN_BOOL_CONVERSION = YES;
				CLANG_WARN_CONSTANT_CONVERSION = YES;
				CLANG_WARN_DIRECT_OBJC_ISA_USAGE = YES_ERROR;
				CLANG_WARN_EMPTY_BODY = YES;
				CLANG_WARN_ENUM_CONVERSION = YES;
				CLANG_WARN_INT_CONVERSION = YES;
				CLANG_WARN_OBJC_ROOT_CLASS = YES_ERROR;
				CLANG_WARN__DUPLICATE_METHOD_MATCH = YES;
				"CODE_SIGN_IDENTITY[sdk=iphoneos*]" = "iPhone Developer";
				COPY_PHASE_STRIP = YES;
				ENABLE_NS_ASSERTIONS = NO;
				GCC_C_LANGUAGE_STANDARD = gnu99;
				GCC_WARN_64_TO_32_BIT_CONVERSION = YES;
				GCC_WARN_ABOUT_RETURN_TYPE = YES_ERROR;
				GCC_WARN_UNDECLARED_SELECTOR = YES;
				GCC_WARN_UNINITIALIZED_AUTOS = YES;
				GCC_WARN_UNUSED_FUNCTION = YES;
				GCC_WARN_UNUSED_VARIABLE = YES;
				IPHONEOS_DEPLOYMENT_TARGET = 7.0;
				SDKROOT = iphoneos;
				TARGETED_DEVICE_FAMILY = "1,2";
				VALIDATE_PRODUCT = YES;
			};
			name = Release;
		};
		3D56108E18AD6B9300864C79 /* Debug */ = {
			isa = XCBuildConfiguration;
			buildSettings = {
				ASSETCATALOG_COMPILER_APPICON_NAME = AppIcon;
				ASSETCATALOG_COMPILER_LAUNCHIMAGE_NAME = LaunchImage;
				GCC_PRECOMPILE_PREFIX_HEADER = YES;
				GCC_PREFIX_HEADER = "Nerd Catalog/Nerd Catalog-Prefix.pch";
				INFOPLIST_FILE = "Nerd Catalog/Nerd Catalog-Info.plist";
				PRODUCT_NAME = "$(TARGET_NAME)";
				WRAPPER_EXTENSION = app;
			};
			name = Debug;
		};
		3D56108F18AD6B9300864C79 /* Release */ = {
			isa = XCBuildConfiguration;
			buildSettings = {
				ASSETCATALOG_COMPILER_APPICON_NAME = AppIcon;
				ASSETCATALOG_COMPILER_LAUNCHIMAGE_NAME = LaunchImage;
				GCC_PRECOMPILE_PREFIX_HEADER = YES;
				GCC_PREFIX_HEADER = "Nerd Catalog/Nerd Catalog-Prefix.pch";
				INFOPLIST_FILE = "Nerd Catalog/Nerd Catalog-Info.plist";
				PRODUCT_NAME = "$(TARGET_NAME)";
				WRAPPER_EXTENSION = app;
			};
			name = Release;
		};
		3D56109118AD6B9300864C79 /* Debug */ = {
			isa = XCBuildConfiguration;
			buildSettings = {
				ARCHS = "$(ARCHS_STANDARD_INCLUDING_64_BIT)";
				BUNDLE_LOADER = "$(BUILT_PRODUCTS_DIR)/Nerd Catalog.app/Nerd Catalog";
				FRAMEWORK_SEARCH_PATHS = (
					"$(SDKROOT)/Developer/Library/Frameworks",
					"$(inherited)",
					"$(DEVELOPER_FRAMEWORKS_DIR)",
				);
				GCC_PRECOMPILE_PREFIX_HEADER = YES;
				GCC_PREFIX_HEADER = "Nerd Catalog/Nerd Catalog-Prefix.pch";
				GCC_PREPROCESSOR_DEFINITIONS = (
					"DEBUG=1",
					"$(inherited)",
				);
				INFOPLIST_FILE = "Nerd CatalogTests/Nerd CatalogTests-Info.plist";
				PRODUCT_NAME = "$(TARGET_NAME)";
				TEST_HOST = "$(BUNDLE_LOADER)";
				WRAPPER_EXTENSION = xctest;
			};
			name = Debug;
		};
		3D56109218AD6B9300864C79 /* Release */ = {
			isa = XCBuildConfiguration;
			buildSettings = {
				ARCHS = "$(ARCHS_STANDARD_INCLUDING_64_BIT)";
				BUNDLE_LOADER = "$(BUILT_PRODUCTS_DIR)/Nerd Catalog.app/Nerd Catalog";
				FRAMEWORK_SEARCH_PATHS = (
					"$(SDKROOT)/Developer/Library/Frameworks",
					"$(inherited)",
					"$(DEVELOPER_FRAMEWORKS_DIR)",
				);
				GCC_PRECOMPILE_PREFIX_HEADER = YES;
				GCC_PREFIX_HEADER = "Nerd Catalog/Nerd Catalog-Prefix.pch";
				INFOPLIST_FILE = "Nerd CatalogTests/Nerd CatalogTests-Info.plist";
				PRODUCT_NAME = "$(TARGET_NAME)";
				TEST_HOST = "$(BUNDLE_LOADER)";
				WRAPPER_EXTENSION = xctest;
			};
			name = Release;
		};
/* End XCBuildConfiguration section */

/* Begin XCConfigurationList section */
		3D56105318AD6B9300864C79 /* Build configuration list for PBXProject "Nerd Catalog" */ = {
			isa = XCConfigurationList;
			buildConfigurations = (
				3D56108B18AD6B9300864C79 /* Debug */,
				3D56108C18AD6B9300864C79 /* Release */,
			);
			defaultConfigurationIsVisible = 0;
			defaultConfigurationName = Release;
		};
		3D56108D18AD6B9300864C79 /* Build configuration list for PBXNativeTarget "Nerd Catalog" */ = {
			isa = XCConfigurationList;
			buildConfigurations = (
				3D56108E18AD6B9300864C79 /* Debug */,
				3D56108F18AD6B9300864C79 /* Release */,
			);
			defaultConfigurationIsVisible = 0;
			defaultConfigurationName = Release;
		};
		3D56109018AD6B9300864C79 /* Build configuration list for PBXNativeTarget "Nerd CatalogTests" */ = {
			isa = XCConfigurationList;
			buildConfigurations = (
				3D56109118AD6B9300864C79 /* Debug */,
				3D56109218AD6B9300864C79 /* Release */,
			);
			defaultConfigurationIsVisible = 0;
			defaultConfigurationName = Release;
		};
/* End XCConfigurationList section */
	};
	rootObject = 3D56105018AD6B9300864C79 /* Project object */;
}
